{
  "name": "@localzet/aura-contract",
  "version": "1.0.0",
  "lockfileVersion": 3,
  "requires": true,
  "packages": {
    "": {
      "name": "@localzet/aura-contract",
      "version": "1.0.0",
      "license": "AGPL-3.0-only",
      "dependencies": {
        "zod": "^3.22.4"
      }
    },
    "node_modules/zod": {
      "version": "3.25.58",
      "resolved": "https://registry.npmjs.org/zod/-/zod-3.25.58.tgz",
      "integrity": "sha512-DVLmMQzSZwNYzQoMaM3MQWnxr2eq+AtM9Hx3w1/Yl0pH8sLTSjN4jGP7w6f7uand6Hw44tsnSu1hz1AOA6qI2Q==",
      "license": "MIT",
      "funding": {
        "url": "https://github.com/sponsors/colinhacks"
      }
    }
  }
}
